
Microsoft Visual Studio Solution File, Format Version 12.00
# Visual Studio Version 17
VisualStudioVersion = 17.6.33815.320
MinimumVisualStudioVersion = 10.0.40219.1
Project("{FAE04EC0-301F-11D3-BF4B-00C04F79EFBC}") = "ClientSystem", "ClientSystem.csproj", "{18231C98-1727-41C7-932B-F7D3B6571D3E}"
EndProject
Global
	GlobalSection(SolutionConfigurationPlatforms) = preSolution
		Debug|Any CPU = Debug|Any CPU
		Release|Any CPU = Release|Any CPU
	EndGlobalSection
	GlobalSection(ProjectConfigurationPlatforms) = postSolution
		{18231C98-1727-41C7-932B-F7D3B6571D3E}.Debug|Any CPU.ActiveCfg = Debug|Any CPU
		{18231C98-1727-41C7-932B-F7D3B6571D3E}.Debug|Any CPU.Build.0 = Debug|Any CPU
		{18231C98-1727-41C7-932B-F7D3B6571D3E}.Release|Any CPU.ActiveCfg = Release|Any CPU
		{18231C98-1727-41C7-932B-F7D3B6571D3E}.Release|Any CPU.Build.0 = Release|Any CPU
	EndGlobalSection
	GlobalSection(SolutionProperties) = preSolution
		HideSolutionNode = FALSE
	EndGlobalSection
	GlobalSection(ExtensibilityGlobals) = postSolution
		SolutionGuid = {41178F48-6C27-49B9-938F-D9A4590D4EBE}
	EndGlobalSection
EndGlobal
